// !$*UTF8*$!
{
	archiveVersion = 1;
	classes = {
	};
	objectVersion = 46;
	objects = {

/* Begin PBXBuildFile section */
		F4EE1FC51902D0F7000939F6 /* Foundation.framework in Frameworks */ = {isa = PBXBuildFile; fileRef = F4EE1FC41902D0F7000939F6 /* Foundation.framework */; };
		F4EE1FC71902D0F7000939F6 /* CoreGraphics.framework in Frameworks */ = {isa = PBXBuildFile; fileRef = F4EE1FC61902D0F7000939F6 /* CoreGraphics.framework */; };
		F4EE1FC91902D0F7000939F6 /* UIKit.framework in Frameworks */ = {isa = PBXBuildFile; fileRef = F4EE1FC81902D0F7000939F6 /* UIKit.framework */; };
		F4EE1FCF1902D0F7000939F6 /* InfoPlist.strings in Resources */ = {isa = PBXBuildFile; fileRef = F4EE1FCD1902D0F7000939F6 /* InfoPlist.strings */; };
		F4EE1FD11902D0F7000939F6 /* main.m in Sources */ = {isa = PBXBuildFile; fileRef = F4EE1FD01902D0F7000939F6 /* main.m */; };
		F4EE1FD51902D0F7000939F6 /* AppDelegate.m in Sources */ = {isa = PBXBuildFile; fileRef = F4EE1FD41902D0F7000939F6 /* AppDelegate.m */; };
		F4EE1FD81902D0F7000939F6 /* Main_iPhone.storyboard in Resources */ = {isa = PBXBuildFile; fileRef = F4EE1FD61902D0F7000939F6 /* Main_iPhone.storyboard */; };
		F4EE1FDB1902D0F7000939F6 /* Main_iPad.storyboard in Resources */ = {isa = PBXBuildFile; fileRef = F4EE1FD91902D0F7000939F6 /* Main_iPad.storyboard */; };
		F4EE1FDE1902D0F7000939F6 /* ViewController.m in Sources */ = {isa = PBXBuildFile; fileRef = F4EE1FDD1902D0F7000939F6 /* ViewController.m */; };
		F4EE1FE01902D0F7000939F6 /* Images.xcassets in Resources */ = {isa = PBXBuildFile; fileRef = F4EE1FDF1902D0F7000939F6 /* Images.xcassets */; };
		F4EE1FE71902D0F7000939F6 /* XCTest.framework in Frameworks */ = {isa = PBXBuildFile; fileRef = F4EE1FE61902D0F7000939F6 /* XCTest.framework */; };
		F4EE1FE81902D0F8000939F6 /* Foundation.framework in Frameworks */ = {isa = PBXBuildFile; fileRef = F4EE1FC41902D0F7000939F6 /* Foundation.framework */; };
		F4EE1FE91902D0F8000939F6 /* UIKit.framework in Frameworks */ = {isa = PBXBuildFile; fileRef = F4EE1FC81902D0F7000939F6 /* UIKit.framework */; };
		F4EE1FF11902D0F8000939F6 /* InfoPlist.strings in Resources */ = {isa = PBXBuildFile; fileRef = F4EE1FEF1902D0F8000939F6 /* InfoPlist.strings */; };
		F4EE1FF31902D0F8000939F6 /* UISearchDisplayControllerTests.m in Sources */ = {isa = PBXBuildFile; fileRef = F4EE1FF21902D0F8000939F6 /* UISearchDisplayControllerTests.m */; };
/* End PBXBuildFile section */

/* Begin PBXContainerItemProxy section */
		F4EE1FEA1902D0F8000939F6 /* PBXContainerItemProxy */ = {
			isa = PBXContainerItemProxy;
			containerPortal = F4EE1FB91902D0F7000939F6 /* Project object */;
			proxyType = 1;
			remoteGlobalIDString = F4EE1FC01902D0F7000939F6;
			remoteInfo = UISearchDisplayController;
		};
/* End PBXContainerItemProxy section */

/* Begin PBXFileReference section */
		F4EE1FC11902D0F7000939F6 /* UISearchDisplayController.app */ = {isa = PBXFileReference; explicitFileType = wrapper.application; includeInIndex = 0; path = UISearchDisplayController.app; sourceTree = BUILT_PRODUCTS_DIR; };
		F4EE1FC41902D0F7000939F6 /* Foundation.framework */ = {isa = PBXFileReference; lastKnownFileType = wrapper.framework; name = Foundation.framework; path = System/Library/Frameworks/Foundation.framework; sourceTree = SDKROOT; };
		F4EE1FC61902D0F7000939F6 /* CoreGraphics.framework */ = {isa = PBXFileReference; lastKnownFileType = wrapper.framework; name = CoreGraphics.framework; path = System/Library/Frameworks/CoreGraphics.framework; sourceTree = SDKROOT; };
		F4EE1FC81902D0F7000939F6 /* UIKit.framework */ = {isa = PBXFileReference; lastKnownFileType = wrapper.framework; name = UIKit.framework; path = System/Library/Frameworks/UIKit.framework; sourceTree = SDKROOT; };
		F4EE1FCC1902D0F7000939F6 /* UISearchDisplayController-Info.plist */ = {isa = PBXFileReference; lastKnownFileType = text.plist.xml; path = "UISearchDisplayController-Info.plist"; sourceTree = "<group>"; };
		F4EE1FCE1902D0F7000939F6 /* en */ = {isa = PBXFileReference; lastKnownFileType = text.plist.strings; name = en; path = en.lproj/InfoPlist.strings; sourceTree = "<group>"; };
		F4EE1FD01902D0F7000939F6 /* main.m */ = {isa = PBXFileReference; lastKnownFileType = sourcecode.c.objc; path = main.m; sourceTree = "<group>"; };
		F4EE1FD21902D0F7000939F6 /* UISearchDisplayController-Prefix.pch */ = {isa = PBXFileReference; lastKnownFileType = sourcecode.c.h; path = "UISearchDisplayController-Prefix.pch"; sourceTree = "<group>"; };
		F4EE1FD31902D0F7000939F6 /* AppDelegate.h */ = {isa = PBXFileReference; lastKnownFileType = sourcecode.c.h; path = AppDelegate.h; sourceTree = "<group>"; };
		F4EE1FD41902D0F7000939F6 /* AppDelegate.m */ = {isa = PBXFileReference; lastKnownFileType = sourcecode.c.objc; path = AppDelegate.m; sourceTree = "<group>"; };
		F4EE1FD71902D0F7000939F6 /* Base */ = {isa = PBXFileReference; lastKnownFileType = file.storyboard; name = Base; path = Base.lproj/Main_iPhone.storyboard; sourceTree = "<group>"; };
		F4EE1FDA1902D0F7000939F6 /* Base */ = {isa = PBXFileReference; lastKnownFileType = file.storyboard; name = Base; path = Base.lproj/Main_iPad.storyboard; sourceTree = "<group>"; };
		F4EE1FDC1902D0F7000939F6 /* ViewController.h */ = {isa = PBXFileReference; lastKnownFileType = sourcecode.c.h; path = ViewController.h; sourceTree = "<group>"; };
		F4EE1FDD1902D0F7000939F6 /* ViewController.m */ = {isa = PBXFileReference; lastKnownFileType = sourcecode.c.objc; path = ViewController.m; sourceTree = "<group>"; };
		F4EE1FDF1902D0F7000939F6 /* Images.xcassets */ = {isa = PBXFileReference; lastKnownFileType = folder.assetcatalog; path = Images.xcassets; sourceTree = "<group>"; };
		F4EE1FE51902D0F7000939F6 /* UISearchDisplayControllerTests.xctest */ = {isa = PBXFileReference; explicitFileType = wrapper.cfbundle; includeInIndex = 0; path = UISearchDisplayControllerTests.xctest; sourceTree = BUILT_PRODUCTS_DIR; };
		F4EE1FE61902D0F7000939F6 /* XCTest.framework */ = {isa = PBXFileReference; lastKnownFileType = wrapper.framework; name = XCTest.framework; path = Library/Frameworks/XCTest.framework; sourceTree = DEVELOPER_DIR; };
		F4EE1FEE1902D0F8000939F6 /* UISearchDisplayControllerTests-Info.plist */ = {isa = PBXFileReference; lastKnownFileType = text.plist.xml; path = "UISearchDisplayControllerTests-Info.plist"; sourceTree = "<group>"; };
		F4EE1FF01902D0F8000939F6 /* en */ = {isa = PBXFileReference; lastKnownFileType = text.plist.strings; name = en; path = en.lproj/InfoPlist.strings; sourceTree = "<group>"; };
		F4EE1FF21902D0F8000939F6 /* UISearchDisplayControllerTests.m */ = {isa = PBXFileReference; lastKnownFileType = sourcecode.c.objc; path = UISearchDisplayControllerTests.m; sourceTree = "<group>"; };
/* End PBXFileReference section */

/* Begin PBXFrameworksBuildPhase section */
		F4EE1FBE1902D0F7000939F6 /* Frameworks */ = {
			isa = PBXFrameworksBuildPhase;
			buildActionMask = 2147483647;
			files = (
				F4EE1FC71902D0F7000939F6 /* CoreGraphics.framework in Frameworks */,
				F4EE1FC91902D0F7000939F6 /* UIKit.framework in Frameworks */,
				F4EE1FC51902D0F7000939F6 /* Foundation.framework in Frameworks */,
			);
			runOnlyForDeploymentPostprocessing = 0;
		};
		F4EE1FE21902D0F7000939F6 /* Frameworks */ = {
			isa = PBXFrameworksBuildPhase;
			buildActionMask = 2147483647;
			files = (
				F4EE1FE71902D0F7000939F6 /* XCTest.framework in Frameworks */,
				F4EE1FE91902D0F8000939F6 /* UIKit.framework in Frameworks */,
				F4EE1FE81902D0F8000939F6 /* Foundation.framework in Frameworks */,
			);
			runOnlyForDeploymentPostprocessing = 0;
		};
/* End PBXFrameworksBuildPhase section */

/* Begin PBXGroup section */
		F4EE1FB81902D0F7000939F6 = {
			isa = PBXGroup;
			children = (
				F4EE1FCA1902D0F7000939F6 /* UISearchDisplayController */,
				F4EE1FEC1902D0F8000939F6 /* UISearchDisplayControllerTests */,
				F4EE1FC31902D0F7000939F6 /* Frameworks */,
				F4EE1FC21902D0F7000939F6 /* Products */,
			);
			sourceTree = "<group>";
		};
		F4EE1FC21902D0F7000939F6 /* Products */ = {
			isa = PBXGroup;
			children = (
				F4EE1FC11902D0F7000939F6 /* UISearchDisplayController.app */,
				F4EE1FE51902D0F7000939F6 /* UISearchDisplayControllerTests.xctest */,
			);
			name = Products;
			sourceTree = "<group>";
		};
		F4EE1FC31902D0F7000939F6 /* Frameworks */ = {
			isa = PBXGroup;
			children = (
				F4EE1FC41902D0F7000939F6 /* Foundation.framework */,
				F4EE1FC61902D0F7000939F6 /* CoreGraphics.framework */,
				F4EE1FC81902D0F7000939F6 /* UIKit.framework */,
				F4EE1FE61902D0F7000939F6 /* XCTest.framework */,
			);
			name = Frameworks;
			sourceTree = "<group>";
		};
		F4EE1FCA1902D0F7000939F6 /* UISearchDisplayController */ = {
			isa = PBXGroup;
			children = (
				F4EE1FD31902D0F7000939F6 /* AppDelegate.h */,
				F4EE1FD41902D0F7000939F6 /* AppDelegate.m */,
				F4EE1FD61902D0F7000939F6 /* Main_iPhone.storyboard */,
				F4EE1FD91902D0F7000939F6 /* Main_iPad.storyboard */,
				F4EE1FDC1902D0F7000939F6 /* ViewController.h */,
				F4EE1FDD1902D0F7000939F6 /* ViewController.m */,
				F4EE1FDF1902D0F7000939F6 /* Images.xcassets */,
				F4EE1FCB1902D0F7000939F6 /* Supporting Files */,
			);
			path = UISearchDisplayController;
			sourceTree = "<group>";
		};
		F4EE1FCB1902D0F7000939F6 /* Supporting Files */ = {
			isa = PBXGroup;
			children = (
				F4EE1FCC1902D0F7000939F6 /* UISearchDisplayController-Info.plist */,
				F4EE1FCD1902D0F7000939F6 /* InfoPlist.strings */,
				F4EE1FD01902D0F7000939F6 /* main.m */,
				F4EE1FD21902D0F7000939F6 /* UISearchDisplayController-Prefix.pch */,
			);
			name = "Supporting Files";
			sourceTree = "<group>";
		};
		F4EE1FEC1902D0F8000939F6 /* UISearchDisplayControllerTests */ = {
			isa = PBXGroup;
			children = (
				F4EE1FF21902D0F8000939F6 /* UISearchDisplayControllerTests.m */,
				F4EE1FED1902D0F8000939F6 /* Supporting Files */,
			);
			path = UISearchDisplayControllerTests;
			sourceTree = "<group>";
		};
		F4EE1FED1902D0F8000939F6 /* Supporting Files */ = {
			isa = PBXGroup;
			children = (
				F4EE1FEE1902D0F8000939F6 /* UISearchDisplayControllerTests-Info.plist */,
				F4EE1FEF1902D0F8000939F6 /* InfoPlist.strings */,
			);
			name = "Supporting Files";
			sourceTree = "<group>";
		};
/* End PBXGroup section */

/* Begin PBXNativeTarget section */
		F4EE1FC01902D0F7000939F6 /* UISearchDisplayController */ = {
			isa = PBXNativeTarget;
			buildConfigurationList = F4EE1FF61902D0F8000939F6 /* Build configuration list for PBXNativeTarget "UISearchDisplayController" */;
			buildPhases = (
				F4EE1FBD1902D0F7000939F6 /* Sources */,
				F4EE1FBE1902D0F7000939F6 /* Frameworks */,
				F4EE1FBF1902D0F7000939F6 /* Resources */,
			);
			buildRules = (
			);
			dependencies = (
			);
			name = UISearchDisplayController;
			productName = UISearchDisplayController;
			productReference = F4EE1FC11902D0F7000939F6 /* UISearchDisplayController.app */;
			productType = "com.apple.product-type.application";
		};
		F4EE1FE41902D0F7000939F6 /* UISearchDisplayControllerTests */ = {
			isa = PBXNativeTarget;
			buildConfigurationList = F4EE1FF91902D0F8000939F6 /* Build configuration list for PBXNativeTarget "UISearchDisplayControllerTests" */;
			buildPhases = (
				F4EE1FE11902D0F7000939F6 /* Sources */,
				F4EE1FE21902D0F7000939F6 /* Frameworks */,
				F4EE1FE31902D0F7000939F6 /* Resources */,
			);
			buildRules = (
			);
			dependencies = (
				F4EE1FEB1902D0F8000939F6 /* PBXTargetDependency */,
			);
			name = UISearchDisplayControllerTests;
			productName = UISearchDisplayControllerTests;
			productReference = F4EE1FE51902D0F7000939F6 /* UISearchDisplayControllerTests.xctest */;
			productType = "com.apple.product-type.bundle.unit-test";
		};
/* End PBXNativeTarget section */

/* Begin PBXProject section */
		F4EE1FB91902D0F7000939F6 /* Project object */ = {
			isa = PBXProject;
			attributes = {
				LastUpgradeCheck = 0510;
				ORGANIZATIONNAME = "Phillip Harris";
				TargetAttributes = {
					F4EE1FE41902D0F7000939F6 = {
						TestTargetID = F4EE1FC01902D0F7000939F6;
					};
				};
			};
			buildConfigurationList = F4EE1FBC1902D0F7000939F6 /* Build configuration list for PBXProject "UISearchDisplayController" */;
			compatibilityVersion = "Xcode 3.2";
			developmentRegion = English;
			hasScannedForEncodings = 0;
			knownRegions = (
				en,
				Base,
			);
			mainGroup = F4EE1FB81902D0F7000939F6;
			productRefGroup = F4EE1FC21902D0F7000939F6 /* Products */;
			projectDirPath = "";
			projectRoot = "";
			targets = (
				F4EE1FC01902D0F7000939F6 /* UISearchDisplayController */,
				F4EE1FE41902D0F7000939F6 /* UISearchDisplayControllerTests */,
			);
		};
/* End PBXProject section */

/* Begin PBXResourcesBuildPhase section */
		F4EE1FBF1902D0F7000939F6 /* Resources */ = {
			isa = PBXResourcesBuildPhase;
			buildActionMask = 2147483647;
			files = (
				F4EE1FDB1902D0F7000939F6 /* Main_iPad.storyboard in Resources */,
				F4EE1FE01902D0F7000939F6 /* Images.xcassets in Resources */,
				F4EE1FD81902D0F7000939F6 /* Main_iPhone.storyboard in Resources */,
				F4EE1FCF1902D0F7000939F6 /* InfoPlist.strings in Resources */,
			);
			runOnlyForDeploymentPostprocessing = 0;
		};
		F4EE1FE31902D0F7000939F6 /* Resources */ = {
			isa = PBXResourcesBuildPhase;
			buildActionMask = 2147483647;
			files = (
				F4EE1FF11902D0F8000939F6 /* InfoPlist.strings in Resources */,
			);
			runOnlyForDeploymentPostprocessing = 0;
		};
/* End PBXResourcesBuildPhase section */

/* Begin PBXSourcesBuildPhase section */
		F4EE1FBD1902D0F7000939F6 /* Sources */ = {
			isa = PBXSourcesBuildPhase;
			buildActionMask = 2147483647;
			files = (
				F4EE1FDE1902D0F7000939F6 /* ViewController.m in Sources */,
				F4EE1FD51902D0F7000939F6 /* AppDelegate.m in Sources */,
				F4EE1FD11902D0F7000939F6 /* main.m in Sources */,
			);
			runOnlyForDeploymentPostprocessing = 0;
		};
		F4EE1FE11902D0F7000939F6 /* Sources */ = {
			isa = PBXSourcesBuildPhase;
			buildActionMask = 2147483647;
			files = (
				F4EE1FF31902D0F8000939F6 /* UISearchDisplayControllerTests.m in Sources */,
			);
			runOnlyForDeploymentPostprocessing = 0;
		};
/* End PBXSourcesBuildPhase section */

/* Begin PBXTargetDependency section */
		F4EE1FEB1902D0F8000939F6 /* PBXTargetDependency */ = {
			isa = PBXTargetDependency;
			target = F4EE1FC01902D0F7000939F6 /* UISearchDisplayController */;
			targetProxy = F4EE1FEA1902D0F8000939F6 /* PBXContainerItemProxy */;
		};
/* End PBXTargetDependency section */

/* Begin PBXVariantGroup section */
		F4EE1FCD1902D0F7000939F6 /* InfoPlist.strings */ = {
			isa = PBXVariantGroup;
			children = (
				F4EE1FCE1902D0F7000939F6 /* en */,
			);
			name = InfoPlist.strings;
			sourceTree = "<group>";
		};
		F4EE1FD61902D0F7000939F6 /* Main_iPhone.storyboard */ = {
			isa = PBXVariantGroup;
			children = (
				F4EE1FD71902D0F7000939F6 /* Base */,
			);
			name = Main_iPhone.storyboard;
			sourceTree = "<group>";
		};
		F4EE1FD91902D0F7000939F6 /* Main_iPad.storyboard */ = {
			isa = PBXVariantGroup;
			children = (
				F4EE1FDA1902D0F7000939F6 /* Base */,
			);
			name = Main_iPad.storyboard;
			sourceTree = "<group>";
		};
		F4EE1FEF1902D0F8000939F6 /* InfoPlist.strings */ = {
			isa = PBXVariantGroup;
			children = (
				F4EE1FF01902D0F8000939F6 /* en */,
			);
			name = InfoPlist.strings;
			sourceTree = "<group>";
		};
/* End PBXVariantGroup section */

/* Begin XCBuildConfiguration section */
		F4EE1FF41902D0F8000939F6 /* Debug */ = {
			isa = XCBuildConfiguration;
			buildSettings = {
				ALWAYS_SEARCH_USER_PATHS = NO;
				CLANG_CXX_LANGUAGE_STANDARD = "gnu++0x";
				CLANG_CXX_LIBRARY = "libc++";
				CLANG_ENABLE_MODULES = YES;
				CLANG_ENABLE_OBJC_ARC = YES;
				CLANG_WARN_BOOL_CONVERSION = YES;
				CLANG_WARN_CONSTANT_CONVERSION = YES;
				CLANG_WARN_DIRECT_OBJC_ISA_USAGE = YES_ERROR;
				CLANG_WARN_EMPTY_BODY = YES;
				CLANG_WARN_ENUM_CONVERSION = YES;
				CLANG_WARN_INT_CONVERSION = YES;
				CLANG_WARN_OBJC_ROOT_CLASS = YES_ERROR;
				CLANG_WARN__DUPLICATE_METHOD_MATCH = YES;
				"CODE_SIGN_IDENTITY[sdk=iphoneos*]" = "iPhone Developer";
				COPY_PHASE_STRIP = NO;
				GCC_C_LANGUAGE_STANDARD = gnu99;
				GCC_DYNAMIC_NO_PIC = NO;
				GCC_OPTIMIZATION_LEVEL = 0;
				GCC_PREPROCESSOR_DEFINITIONS = (
					"DEBUG=1",
					"$(inherited)",
				);
				GCC_SYMBOLS_PRIVATE_EXTERN = NO;
				GCC_WARN_64_TO_32_BIT_CONVERSION = YES;
				GCC_WARN_ABOUT_RETURN_TYPE = YES_ERROR;
				GCC_WARN_UNDECLARED_SELECTOR = YES;
				GCC_WARN_UNINITIALIZED_AUTOS = YES_AGGRESSIVE;
				GCC_WARN_UNUSED_FUNCTION = YES;
				GCC_WARN_UNUSED_VARIABLE = YES;
				IPHONEOS_DEPLOYMENT_TARGET = 7.1;
				ONLY_ACTIVE_ARCH = YES;
				SDKROOT = iphoneos;
				TARGETED_DEVICE_FAMILY = "1,2";
			};
			name = Debug;
		};
		F4EE1FF51902D0F8000939F6 /* Release */ = {
			isa = XCBuildConfiguration;
			buildSettings = {
				ALWAYS_SEARCH_USER_PATHS = NO;
				CLANG_CXX_LANGUAGE_STANDARD = "gnu++0x";
				CLANG_CXX_LIBRARY = "libc++";
				CLANG_ENABLE_MODULES = YES;
				CLANG_ENABLE_OBJC_ARC = YES;
				CLANG_WARN_BOOL_CONVERSION = YES;
				CLANG_WARN_CONSTANT_CONVERSION = YES;
				CLANG_WARN_DIRECT_OBJC_ISA_USAGE = YES_ERROR;
				CLANG_WARN_EMPTY_BODY = YES;
				CLANG_WARN_ENUM_CONVERSION = YES;
				CLANG_WARN_INT_CONVERSION = YES;
				CLANG_WARN_OBJC_ROOT_CLASS = YES_ERROR;
				CLANG_WARN__DUPLICATE_METHOD_MATCH = YES;
				"CODE_SIGN_IDENTITY[sdk=iphoneos*]" = "iPhone Developer";
				COPY_PHASE_STRIP = YES;
				ENABLE_NS_ASSERTIONS = NO;
				GCC_C_LANGUAGE_STANDARD = gnu99;
				GCC_WARN_64_TO_32_BIT_CONVERSION = YES;
				GCC_WARN_ABOUT_RETURN_TYPE = YES_ERROR;
				GCC_WARN_UNDECLARED_SELECTOR = YES;
				GCC_WARN_UNINITIALIZED_AUTOS = YES_AGGRESSIVE;
				GCC_WARN_UNUSED_FUNCTION = YES;
				GCC_WARN_UNUSED_VARIABLE = YES;
				IPHONEOS_DEPLOYMENT_TARGET = 7.1;
				SDKROOT = iphoneos;
				TARGETED_DEVICE_FAMILY = "1,2";
				VALIDATE_PRODUCT = YES;
			};
			name = Release;
		};
		F4EE1FF71902D0F8000939F6 /* Debug */ = {
			isa = XCBuildConfiguration;
			buildSettings = {
				ASSETCATALOG_COMPILER_APPICON_NAME = AppIcon;
				ASSETCATALOG_COMPILER_LAUNCHIMAGE_NAME = LaunchImage;
				GCC_PRECOMPILE_PREFIX_HEADER = YES;
				GCC_PREFIX_HEADER = "UISearchDisplayController/UISearchDisplayController-Prefix.pch";
				INFOPLIST_FILE = "UISearchDisplayController/UISearchDisplayController-Info.plist";
				PRODUCT_NAME = "$(TARGET_NAME)";
				WRAPPER_EXTENSION = app;
			};
			name = Debug;
		};
		F4EE1FF81902D0F8000939F6 /* Release */ = {
			isa = XCBuildConfiguration;
			buildSettings = {
				ASSETCATALOG_COMPILER_APPICON_NAME = AppIcon;
				ASSETCATALOG_COMPILER_LAUNCHIMAGE_NAME = LaunchImage;
				GCC_PRECOMPILE_PREFIX_HEADER = YES;
				GCC_PREFIX_HEADER = "UISearchDisplayController/UISearchDisplayController-Prefix.pch";
				INFOPLIST_FILE = "UISearchDisplayController/UISearchDisplayController-Info.plist";
				PRODUCT_NAME = "$(TARGET_NAME)";
				WRAPPER_EXTENSION = app;
			};
			name = Release;
		};
		F4EE1FFA1902D0F8000939F6 /* Debug */ = {
			isa = XCBuildConfiguration;
			buildSettings = {
				BUNDLE_LOADER = "$(BUILT_PRODUCTS_DIR)/UISearchDisplayController.app/UISearchDisplayController";
				FRAMEWORK_SEARCH_PATHS = (
					"$(SDKROOT)/Developer/Library/Frameworks",
					"$(inherited)",
					"$(DEVELOPER_FRAMEWORKS_DIR)",
				);
				GCC_PRECOMPILE_PREFIX_HEADER = YES;
				GCC_PREFIX_HEADER = "UISearchDisplayController/UISearchDisplayController-Prefix.pch";
				GCC_PREPROCESSOR_DEFINITIONS = (
					"DEBUG=1",
					"$(inherited)",
				);
				INFOPLIST_FILE = "UISearchDisplayControllerTests/UISearchDisplayControllerTests-Info.plist";
				PRODUCT_NAME = "$(TARGET_NAME)";
				TEST_HOST = "$(BUNDLE_LOADER)";
				WRAPPER_EXTENSION = xctest;
			};
			name = Debug;
		};
		F4EE1FFB1902D0F8000939F6 /* Release */ = {
			isa = XCBuildConfiguration;
			buildSettings = {
				BUNDLE_LOADER = "$(BUILT_PRODUCTS_DIR)/UISearchDisplayController.app/UISearchDisplayController";
				FRAMEWORK_SEARCH_PATHS = (
					"$(SDKROOT)/Developer/Library/Frameworks",
					"$(inherited)",
					"$(DEVELOPER_FRAMEWORKS_DIR)",
				);
				GCC_PRECOMPILE_PREFIX_HEADER = YES;
				GCC_PREFIX_HEADER = "UISearchDisplayController/UISearchDisplayController-Prefix.pch";
				INFOPLIST_FILE = "UISearchDisplayControllerTests/UISearchDisplayControllerTests-Info.plist";
				PRODUCT_NAME = "$(TARGET_NAME)";
				TEST_HOST = "$(BUNDLE_LOADER)";
				WRAPPER_EXTENSION = xctest;
			};
			name = Release;
		};
/* End XCBuildConfiguration section */

/* Begin XCConfigurationList section */
		F4EE1FBC1902D0F7000939F6 /* Build configuration list for PBXProject "UISearchDisplayController" */ = {
			isa = XCConfigurationList;
			buildConfigurations = (
				F4EE1FF41902D0F8000939F6 /* Debug */,
				F4EE1FF51902D0F8000939F6 /* Release */,
			);
			defaultConfigurationIsVisible = 0;
			defaultConfigurationName = Release;
		};
		F4EE1FF61902D0F8000939F6 /* Build configuration list for PBXNativeTarget "UISearchDisplayController" */ = {
			isa = XCConfigurationList;
			buildConfigurations = (
				F4EE1FF71902D0F8000939F6 /* Debug */,
				F4EE1FF81902D0F8000939F6 /* Release */,
			);
			defaultConfigurationIsVisible = 0;
		};
		F4EE1FF91902D0F8000939F6 /* Build configuration list for PBXNativeTarget "UISearchDisplayControllerTests" */ = {
			isa = XCConfigurationList;
			buildConfigurations = (
				F4EE1FFA1902D0F8000939F6 /* Debug */,
				F4EE1FFB1902D0F8000939F6 /* Release */,
			);
			defaultConfigurationIsVisible = 0;
		};
/* End XCConfigurationList section */
	};
	rootObject = F4EE1FB91902D0F7000939F6 /* Project object */;
}
